
Microsoft Visual Studio Solution File, Format Version 12.00
# Visual Studio Version 17
VisualStudioVersion = 17.13.35931.197 d17.13
MinimumVisualStudioVersion = 10.0.40219.1
Project("{FAE04EC0-301F-11D3-BF4B-00C04F79EFBC}") = "IranianAgents", "IranianAgents.csproj", "{1A961F09-F944-47F4-B076-D707A5CA789C}"
EndProject
Global
	GlobalSection(SolutionConfigurationPlatforms) = preSolution
		Debug|Any CPU = Debug|Any CPU
		Release|Any CPU = Release|Any CPU
	EndGlobalSection
	GlobalSection(ProjectConfigurationPlatforms) = postSolution
		{1A961F09-F944-47F4-B076-D707A5CA789C}.Debug|Any CPU.ActiveCfg = Debug|Any CPU
		{1A961F09-F944-47F4-B076-D707A5CA789C}.Debug|Any CPU.Build.0 = Debug|Any CPU
		{1A961F09-F944-47F4-B076-D707A5CA789C}.Release|Any CPU.ActiveCfg = Release|Any CPU
		{1A961F09-F944-47F4-B076-D707A5CA789C}.Release|Any CPU.Build.0 = Release|Any CPU
	EndGlobalSection
	GlobalSection(SolutionProperties) = preSolution
		HideSolutionNode = FALSE
	EndGlobalSection
	GlobalSection(ExtensibilityGlobals) = postSolution
		SolutionGuid = {4356D1A8-975F-4195-B282-68FFBEEF7B5D}
	EndGlobalSection
EndGlobal
